
Microsoft Visual Studio Solution File, Format Version 12.00
# Visual Studio Version 17
VisualStudioVersion = 17.0.31903.59
MinimumVisualStudioVersion = 10.0.40219.1
Project("{2150E333-8FDC-42A3-9474-1A3956D46DE8}") = "src", "src", "{C10D3B2E-8639-4CC3-BE01-8A618E37D2A7}"
EndProject
Project("{FAE04EC0-301F-11D3-BF4B-00C04F79EFBC}") = "Demo", "src\Demo\Demo.csproj", "{9ABA9974-FBC7-47D4-B185-F1FF4F5D54AA}"
EndProject
Global
	GlobalSection(SolutionConfigurationPlatforms) = preSolution
		Debug|Any CPU = Debug|Any CPU
		Release|Any CPU = Release|Any CPU
	EndGlobalSection
	GlobalSection(SolutionProperties) = preSolution
		HideSolutionNode = FALSE
	EndGlobalSection
	GlobalSection(ProjectConfigurationPlatforms) = postSolution
		{9ABA9974-FBC7-47D4-B185-F1FF4F5D54AA}.Debug|Any CPU.ActiveCfg = Debug|Any CPU
		{9ABA9974-FBC7-47D4-B185-F1FF4F5D54AA}.Debug|Any CPU.Build.0 = Debug|Any CPU
		{9ABA9974-FBC7-47D4-B185-F1FF4F5D54AA}.Release|Any CPU.ActiveCfg = Release|Any CPU
		{9ABA9974-FBC7-47D4-B185-F1FF4F5D54AA}.Release|Any CPU.Build.0 = Release|Any CPU
	EndGlobalSection
	GlobalSection(NestedProjects) = preSolution
		{9ABA9974-FBC7-47D4-B185-F1FF4F5D54AA} = {C10D3B2E-8639-4CC3-BE01-8A618E37D2A7}
	EndGlobalSection
EndGlobal
